{
  "name": "@devs-studio/angular",
  "version": "0.0.1",
  "lockfileVersion": 2,
  "requires": true,
  "packages": {
    "": {
      "name": "@devs-studio/angular",
      "version": "0.0.1",
      "license": "ISC",
      "dependencies": {
        "@angular/forms": "^14.0.0",
        "@devs-studio/string": "^1.0.22",
        "typescript": "^5.2.2"
      }
    },
    "node_modules/@angular/common": {
      "version": "14.0.0",
      "resolved": "https://registry.npmjs.org/@angular/common/-/common-14.0.0.tgz",
      "integrity": "sha512-VYydSXelPlcAnWZs6SKkOxV+rNe8zOtHKLf9jBTYT5nP5P66+va4zITo1C9bs5tbK+mRssayf615+SIGEXyJFg==",
      "peer": true,
      "dependencies": {
        "tslib": "^2.3.0"
      },
      "engines": {
        "node": "^14.15.0 || >=16.10.0"
      },
      "peerDependencies": {
        "@angular/core": "14.0.0",
        "rxjs": "^6.5.3 || ^7.4.0"
      }
    },
    "node_modules/@angular/core": {
      "version": "14.0.0",
      "resolved": "https://registry.npmjs.org/@angular/core/-/core-14.0.0.tgz",
      "integrity": "sha512-Mj3r8iMlWfMbY+9DRUFZx1gKnA27Jwx3ff/VXeXBgfxaEKDYmlZSnliZSV6ssiHSUwn/U6yxDXFgcZL090zNBQ==",
      "peer": true,
      "dependencies": {
        "tslib": "^2.3.0"
      },
      "engines": {
        "node": "^14.15.0 || >=16.10.0"
      },
      "peerDependencies": {
        "rxjs": "^6.5.3 || ^7.4.0",
        "zone.js": "~0.11.4"
      }
    },
    "node_modules/@angular/forms": {
      "version": "14.0.0",
      "resolved": "https://registry.npmjs.org/@angular/forms/-/forms-14.0.0.tgz",
      "integrity": "sha512-r2FHcJve+/rXU4wdCA50nwySGKB5/bxqpULOGeWs4FIdKcUoTnzHtqMsd7sUa7wOA40O4fBHAxKPDGPJPl5CEA==",
      "dependencies": {
        "tslib": "^2.3.0"
      },
      "engines": {
        "node": "^14.15.0 || >=16.10.0"
      },
      "peerDependencies": {
        "@angular/common": "14.0.0",
        "@angular/core": "14.0.0",
        "@angular/platform-browser": "14.0.0",
        "rxjs": "^6.5.3 || ^7.4.0"
      }
    },
    "node_modules/@angular/platform-browser": {
      "version": "14.0.0",
      "resolved": "https://registry.npmjs.org/@angular/platform-browser/-/platform-browser-14.0.0.tgz",
      "integrity": "sha512-zijIhUxu3nJxoI3mTWxs1d7dh9ovldI09diumlm/rOhj/46j4SvGn8swJvWr0eo/QipkdP+i2Q1lAlpmRfI+tQ==",
      "peer": true,
      "dependencies": {
        "tslib": "^2.3.0"
      },
      "engines": {
        "node": "^14.15.0 || >=16.10.0"
      },
      "peerDependencies": {
        "@angular/animations": "14.0.0",
        "@angular/common": "14.0.0",
        "@angular/core": "14.0.0"
      },
      "peerDependenciesMeta": {
        "@angular/animations": {
          "optional": true
        }
      }
    },
    "node_modules/@devs-studio/string": {
      "version": "1.0.22",
      "resolved": "https://registry.npmjs.org/@devs-studio/string/-/string-1.0.22.tgz",
      "integrity": "sha512-J2kZo9JLTEwwE1gn68X3/+bQS5bd/on+va9Y2MYNnhrLG+yzqfSMfM44uyACDR04RO6uwM+o0P1BunmrxDZyVQ==",
      "dependencies": {
        "querystring": "^0.2.1"
      }
    },
    "node_modules/querystring": {
      "version": "0.2.1",
      "resolved": "https://registry.npmjs.org/querystring/-/querystring-0.2.1.tgz",
      "integrity": "sha512-wkvS7mL/JMugcup3/rMitHmd9ecIGd2lhFhK9N3UUQ450h66d1r3Y9nvXzQAW1Lq+wyx61k/1pfKS5KuKiyEbg==",
      "deprecated": "The querystring API is considered Legacy. new code should use the URLSearchParams API instead.",
      "engines": {
        "node": ">=0.4.x"
      }
    },
    "node_modules/rxjs": {
      "version": "7.8.1",
      "resolved": "https://registry.npmjs.org/rxjs/-/rxjs-7.8.1.tgz",
      "integrity": "sha512-AA3TVj+0A2iuIoQkWEK/tqFjBq2j+6PO6Y0zJcvzLAFhEFIO3HL0vls9hWLncZbAAbK0mar7oZ4V079I/qPMxg==",
      "peer": true,
      "dependencies": {
        "tslib": "^2.1.0"
      }
    },
    "node_modules/tslib": {
      "version": "2.6.2",
      "resolved": "https://registry.npmjs.org/tslib/-/tslib-2.6.2.tgz",
      "integrity": "sha512-AEYxH93jGFPn/a2iVAwW87VuUIkR1FVUKB77NwMF7nBTDkDrrT/Hpt/IrCJ0QXhW27jTBDcf5ZY7w6RiqTMw2Q=="
    },
    "node_modules/typescript": {
      "version": "5.2.2",
      "resolved": "https://registry.npmjs.org/typescript/-/typescript-5.2.2.tgz",
      "integrity": "sha512-mI4WrpHsbCIcwT9cF4FZvr80QUeKvsUsUvKDoR+X/7XHQH98xYD8YHZg7ANtz2GtZt/CBq2QJ0thkGJMHfqc1w==",
      "bin": {
        "tsc": "bin/tsc",
        "tsserver": "bin/tsserver"
      },
      "engines": {
        "node": ">=14.17"
      }
    },
    "node_modules/zone.js": {
      "version": "0.11.8",
      "resolved": "https://registry.npmjs.org/zone.js/-/zone.js-0.11.8.tgz",
      "integrity": "sha512-82bctBg2hKcEJ21humWIkXRlLBBmrc3nN7DFh5LGGhcyycO2S7FN8NmdvlcKaGFDNVL4/9kFLmwmInTavdJERA==",
      "peer": true,
      "dependencies": {
        "tslib": "^2.3.0"
      }
    }
  },
  "dependencies": {
    "@angular/common": {
      "version": "14.0.0",
      "resolved": "https://registry.npmjs.org/@angular/common/-/common-14.0.0.tgz",
      "integrity": "sha512-VYydSXelPlcAnWZs6SKkOxV+rNe8zOtHKLf9jBTYT5nP5P66+va4zITo1C9bs5tbK+mRssayf615+SIGEXyJFg==",
      "peer": true,
      "requires": {
        "tslib": "^2.3.0"
      }
    },
    "@angular/core": {
      "version": "14.0.0",
      "resolved": "https://registry.npmjs.org/@angular/core/-/core-14.0.0.tgz",
      "integrity": "sha512-Mj3r8iMlWfMbY+9DRUFZx1gKnA27Jwx3ff/VXeXBgfxaEKDYmlZSnliZSV6ssiHSUwn/U6yxDXFgcZL090zNBQ==",
      "peer": true,
      "requires": {
        "tslib": "^2.3.0"
      }
    },
    "@angular/forms": {
      "version": "14.0.0",
      "resolved": "https://registry.npmjs.org/@angular/forms/-/forms-14.0.0.tgz",
      "integrity": "sha512-r2FHcJve+/rXU4wdCA50nwySGKB5/bxqpULOGeWs4FIdKcUoTnzHtqMsd7sUa7wOA40O4fBHAxKPDGPJPl5CEA==",
      "requires": {
        "tslib": "^2.3.0"
      }
    },
    "@angular/platform-browser": {
      "version": "14.0.0",
      "resolved": "https://registry.npmjs.org/@angular/platform-browser/-/platform-browser-14.0.0.tgz",
      "integrity": "sha512-zijIhUxu3nJxoI3mTWxs1d7dh9ovldI09diumlm/rOhj/46j4SvGn8swJvWr0eo/QipkdP+i2Q1lAlpmRfI+tQ==",
      "peer": true,
      "requires": {
        "tslib": "^2.3.0"
      }
    },
    "@devs-studio/string": {
      "version": "1.0.22",
      "resolved": "https://registry.npmjs.org/@devs-studio/string/-/string-1.0.22.tgz",
      "integrity": "sha512-J2kZo9JLTEwwE1gn68X3/+bQS5bd/on+va9Y2MYNnhrLG+yzqfSMfM44uyACDR04RO6uwM+o0P1BunmrxDZyVQ==",
      "requires": {
        "querystring": "^0.2.1"
      }
    },
    "querystring": {
      "version": "0.2.1",
      "resolved": "https://registry.npmjs.org/querystring/-/querystring-0.2.1.tgz",
      "integrity": "sha512-wkvS7mL/JMugcup3/rMitHmd9ecIGd2lhFhK9N3UUQ450h66d1r3Y9nvXzQAW1Lq+wyx61k/1pfKS5KuKiyEbg=="
    },
    "rxjs": {
      "version": "7.8.1",
      "resolved": "https://registry.npmjs.org/rxjs/-/rxjs-7.8.1.tgz",
      "integrity": "sha512-AA3TVj+0A2iuIoQkWEK/tqFjBq2j+6PO6Y0zJcvzLAFhEFIO3HL0vls9hWLncZbAAbK0mar7oZ4V079I/qPMxg==",
      "peer": true,
      "requires": {
        "tslib": "^2.1.0"
      }
    },
    "tslib": {
      "version": "2.6.2",
      "resolved": "https://registry.npmjs.org/tslib/-/tslib-2.6.2.tgz",
      "integrity": "sha512-AEYxH93jGFPn/a2iVAwW87VuUIkR1FVUKB77NwMF7nBTDkDrrT/Hpt/IrCJ0QXhW27jTBDcf5ZY7w6RiqTMw2Q=="
    },
    "typescript": {
      "version": "5.2.2",
      "resolved": "https://registry.npmjs.org/typescript/-/typescript-5.2.2.tgz",
      "integrity": "sha512-mI4WrpHsbCIcwT9cF4FZvr80QUeKvsUsUvKDoR+X/7XHQH98xYD8YHZg7ANtz2GtZt/CBq2QJ0thkGJMHfqc1w=="
    },
    "zone.js": {
      "version": "0.11.8",
      "resolved": "https://registry.npmjs.org/zone.js/-/zone.js-0.11.8.tgz",
      "integrity": "sha512-82bctBg2hKcEJ21humWIkXRlLBBmrc3nN7DFh5LGGhcyycO2S7FN8NmdvlcKaGFDNVL4/9kFLmwmInTavdJERA==",
      "peer": true,
      "requires": {
        "tslib": "^2.3.0"
      }
    }
  }
}
